{
  "name": "dst-mod-list",
  "version": "0.1.0",
  "lockfileVersion": 1,
  "requires": true,
  "dependencies": {
    "@prisma/client": {
      "version": "2.27.0",
      "resolved": "https://r.cnpmjs.org/@prisma/client/download/@prisma/client-2.27.0.tgz",
      "integrity": "sha1-F9mOZN7qKQY77hd42Ftfft6xSiY=",
      "requires": {
        "@prisma/engines-version": "2.27.0-43.cdba6ec525e0213cce26f8e4bb23cf556d1479bb"
      }
    },
    "@prisma/engines": {
      "version": "2.27.0-43.cdba6ec525e0213cce26f8e4bb23cf556d1479bb",
      "resolved": "https://r.cnpmjs.org/@prisma/engines/download/@prisma/engines-2.27.0-43.cdba6ec525e0213cce26f8e4bb23cf556d1479bb.tgz",
      "integrity": "sha1-IghKgekLZmZao6rN5571sbw1h/4=",
      "dev": true
    },
    "@prisma/engines-version": {
      "version": "2.27.0-43.cdba6ec525e0213cce26f8e4bb23cf556d1479bb",
      "resolved": "https://r.cnpmjs.org/@prisma/engines-version/download/@prisma/engines-version-2.27.0-43.cdba6ec525e0213cce26f8e4bb23cf556d1479bb.tgz",
      "integrity": "sha1-YKNGNP4mvpyspCVWYFoTLnCBDjw="
    },
    "@tsconfig/node10": {
      "version": "1.0.8",
      "resolved": "https://r.cnpmjs.org/@tsconfig/node10/download/@tsconfig/node10-1.0.8.tgz",
      "integrity": "sha1-weToDW+WT77LM1nEO9SLQPfK2tk=",
      "dev": true
    },
    "@tsconfig/node12": {
      "version": "1.0.9",
      "resolved": "https://r.cnpmjs.org/@tsconfig/node12/download/@tsconfig/node12-1.0.9.tgz",
      "integrity": "sha1-YsH23uLr2a6tgNw6+laBDljhoEw=",
      "dev": true
    },
    "@tsconfig/node14": {
      "version": "1.0.1",
      "resolved": "https://r.cnpmjs.org/@tsconfig/node14/download/@tsconfig/node14-1.0.1.tgz",
      "integrity": "sha1-lfLRZ/+5uNIGiwsjUwL6/U33EfI=",
      "dev": true
    },
    "@tsconfig/node16": {
      "version": "1.0.2",
      "resolved": "https://r.cnpmjs.org/@tsconfig/node16/download/@tsconfig/node16-1.0.2.tgz",
      "integrity": "sha1-Qjx3h30Fadsg4fyAiFrEEYMUAQ4=",
      "dev": true
    },
    "@types/node": {
      "version": "16.4.1",
      "resolved": "https://r.cnpmjs.org/@types/node/download/@types/node-16.4.1.tgz",
      "integrity": "sha1-n60XGltwFhPuim9OzjyIsQNLGwM=",
      "dev": true
    },
    "arg": {
      "version": "4.1.3",
      "resolved": "https://r.cnpmjs.org/arg/download/arg-4.1.3.tgz",
      "integrity": "sha1-Jp/HrVuOQstjyJbVZmAXJhwUQIk=",
      "dev": true
    },
    "axios": {
      "version": "0.21.1",
      "resolved": "https://r.cnpmjs.org/axios/download/axios-0.21.1.tgz",
      "integrity": "sha1-IlY0gZYvTWvemnbVFu8OXTwJsrg=",
      "requires": {
        "follow-redirects": "^1.10.0"
      }
    },
    "boolbase": {
      "version": "1.0.0",
      "resolved": "https://r.cnpmjs.org/boolbase/download/boolbase-1.0.0.tgz",
      "integrity": "sha1-aN/1++YMUes3cl6p4+0xDcwed24="
    },
    "buffer-from": {
      "version": "1.1.1",
      "resolved": "https://r.cnpmjs.org/buffer-from/download/buffer-from-1.1.1.tgz",
      "integrity": "sha1-MnE7wCj3XAL9txDXx7zsHyxgcO8=",
      "dev": true
    },
    "cheerio": {
      "version": "1.0.0-rc.10",
      "resolved": "https://r.cnpmjs.org/cheerio/download/cheerio-1.0.0-rc.10.tgz",
      "integrity": "sha1-K6Pc38wm55VvwfRA5h1RxkM3nz4=",
      "requires": {
        "cheerio-select": "^1.5.0",
        "dom-serializer": "^1.3.2",
        "domhandler": "^4.2.0",
        "htmlparser2": "^6.1.0",
        "parse5": "^6.0.1",
        "parse5-htmlparser2-tree-adapter": "^6.0.1",
        "tslib": "^2.2.0"
      }
    },
    "cheerio-select": {
      "version": "1.5.0",
      "resolved": "https://r.cnpmjs.org/cheerio-select/download/cheerio-select-1.5.0.tgz",
      "integrity": "sha1-+vPa6zGxfF4anavO4oiq+Kr6WCM=",
      "requires": {
        "css-select": "^4.1.3",
        "css-what": "^5.0.1",
        "domelementtype": "^2.2.0",
        "domhandler": "^4.2.0",
        "domutils": "^2.7.0"
      }
    },
    "create-require": {
      "version": "1.1.1",
      "resolved": "https://r.cnpmjs.org/create-require/download/create-require-1.1.1.tgz",
      "integrity": "sha1-wdfo8eX2z8n/ZfnNNS03NIdWwzM=",
      "dev": true
    },
    "css-select": {
      "version": "4.1.3",
      "resolved": "https://r.cnpmjs.org/css-select/download/css-select-4.1.3.tgz",
      "integrity": "sha1-pwRA9wMX8maRGK10/xBeZYSccGc=",
      "requires": {
        "boolbase": "^1.0.0",
        "css-what": "^5.0.0",
        "domhandler": "^4.2.0",
        "domutils": "^2.6.0",
        "nth-check": "^2.0.0"
      }
    },
    "css-what": {
      "version": "5.0.1",
      "resolved": "https://r.cnpmjs.org/css-what/download/css-what-5.0.1.tgz",
      "integrity": "sha1-PvqCATH0ZpqKwkCPnDLnx96fTK0="
    },
    "diff": {
      "version": "4.0.2",
      "resolved": "https://r.cnpmjs.org/diff/download/diff-4.0.2.tgz",
      "integrity": "sha1-YPOuy4nV+uUgwRqhnvwruYKq3n0=",
      "dev": true
    },
    "dom-serializer": {
      "version": "1.3.2",
      "resolved": "https://r.cnpmjs.org/dom-serializer/download/dom-serializer-1.3.2.tgz",
      "integrity": "sha1-YgZDfTLO767HFhgDIwx6ILwbTZE=",
      "requires": {
        "domelementtype": "^2.0.1",
        "domhandler": "^4.2.0",
        "entities": "^2.0.0"
      }
    },
    "domelementtype": {
      "version": "2.2.0",
      "resolved": "https://r.cnpmjs.org/domelementtype/download/domelementtype-2.2.0.tgz",
      "integrity": "sha1-mgtsJ4LtahxzI9QiZxg9+b2LHVc="
    },
    "domhandler": {
      "version": "4.2.0",
      "resolved": "https://r.cnpmjs.org/domhandler/download/domhandler-4.2.0.tgz",
      "integrity": "sha1-+XaKXwNL5gqJonwuTQ9066DYsFk=",
      "requires": {
        "domelementtype": "^2.2.0"
      }
    },
    "domutils": {
      "version": "2.7.0",
      "resolved": "https://r.cnpmjs.org/domutils/download/domutils-2.7.0.tgz",
      "integrity": "sha1-jrrwxB66/PVbC3LsMcVjI3EsVEI=",
      "requires": {
        "dom-serializer": "^1.0.1",
        "domelementtype": "^2.2.0",
        "domhandler": "^4.2.0"
      }
    },
    "entities": {
      "version": "2.2.0",
      "resolved": "https://r.cnpmjs.org/entities/download/entities-2.2.0.tgz",
      "integrity": "sha1-CY3JDruD2N/6CJ1VJWs1HTTE2lU="
    },
    "follow-redirects": {
      "version": "1.14.1",
      "resolved": "https://r.cnpmjs.org/follow-redirects/download/follow-redirects-1.14.1.tgz",
      "integrity": "sha1-2RFN7Qoc/dM04WTmZirQK/2R/0M="
    },
    "get-stdin": {
      "version": "5.0.1",
      "resolved": "https://r.cnpmjs.org/get-stdin/download/get-stdin-5.0.1.tgz",
      "integrity": "sha1-Ei4WFZHiH/TFJTAwVpPyDmOTo5g="
    },
    "he": {
      "version": "1.2.0",
      "resolved": "https://r.cnpmjs.org/he/download/he-1.2.0.tgz",
      "integrity": "sha1-hK5l+n6vsWX922FWauFLrwVmTw8="
    },
    "htmlparser2": {
      "version": "6.1.0",
      "resolved": "https://r.cnpmjs.org/htmlparser2/download/htmlparser2-6.1.0.tgz",
      "integrity": "sha1-xNditsM3GgXb5l6UrkOp+EX7j7c=",
      "requires": {
        "domelementtype": "^2.0.1",
        "domhandler": "^4.0.0",
        "domutils": "^2.5.2",
        "entities": "^2.0.0"
      }
    },
    "lodash.get": {
      "version": "4.4.2",
      "resolved": "https://r.cnpmjs.org/lodash.get/download/lodash.get-4.4.2.tgz",
      "integrity": "sha1-LRd/ZS+jHpObRDjVNBSZ36OCXpk="
    },
    "lower-case": {
      "version": "1.1.4",
      "resolved": "https://r.cnpmjs.org/lower-case/download/lower-case-1.1.4.tgz",
      "integrity": "sha1-miyr0bno4K6ZOkv31YdcOcQujqw="
    },
    "make-error": {
      "version": "1.3.6",
      "resolved": "https://r.cnpmjs.org/make-error/download/make-error-1.3.6.tgz",
      "integrity": "sha1-LrLjfqm2fEiR9oShOUeZr0hM96I=",
      "dev": true
    },
    "minimist": {
      "version": "1.2.5",
      "resolved": "https://r.cnpmjs.org/minimist/download/minimist-1.2.5.tgz",
      "integrity": "sha1-Z9ZgFLZqaoqqDAg8X9WN9OTpdgI="
    },
    "no-case": {
      "version": "2.3.2",
      "resolved": "https://r.cnpmjs.org/no-case/download/no-case-2.3.2.tgz",
      "integrity": "sha1-YLgTOWvjmz8SiKTB7V0efSi0ZKw=",
      "requires": {
        "lower-case": "^1.1.1"
      }
    },
    "node-html-parser": {
      "version": "4.1.0",
      "resolved": "https://r.cnpmjs.org/node-html-parser/download/node-html-parser-4.1.0.tgz",
      "integrity": "sha1-nCMTBgniAwMBEyVcUZ/y0/u/xDk=",
      "requires": {
        "css-select": "^4.1.3",
        "he": "1.2.0"
      }
    },
    "nth-check": {
      "version": "2.0.0",
      "resolved": "https://r.cnpmjs.org/nth-check/download/nth-check-2.0.0.tgz",
      "integrity": "sha1-G7T22scAcvwxPoyc0UF7UHTAoSU=",
      "requires": {
        "boolbase": "^1.0.0"
      }
    },
    "parse5": {
      "version": "6.0.1",
      "resolved": "https://r.cnpmjs.org/parse5/download/parse5-6.0.1.tgz",
      "integrity": "sha1-4aHAhcVps9wIMhGE8Zo5zCf3wws="
    },
    "parse5-htmlparser2-tree-adapter": {
      "version": "6.0.1",
      "resolved": "https://r.cnpmjs.org/parse5-htmlparser2-tree-adapter/download/parse5-htmlparser2-tree-adapter-6.0.1.tgz",
      "integrity": "sha1-LN+a2CMyEUA3DU2/XT6Sx8jdxuY=",
      "requires": {
        "parse5": "^6.0.1"
      }
    },
    "prisma": {
      "version": "2.27.0",
      "resolved": "https://r.cnpmjs.org/prisma/download/prisma-2.27.0.tgz",
      "integrity": "sha1-Rf3sucJHDHrWAugE/+1w36fEatE=",
      "dev": true,
      "requires": {
        "@prisma/engines": "2.27.0-43.cdba6ec525e0213cce26f8e4bb23cf556d1479bb"
      }
    },
    "sentence-case": {
      "version": "2.1.1",
      "resolved": "https://r.cnpmjs.org/sentence-case/download/sentence-case-2.1.1.tgz",
      "integrity": "sha1-H24t2jnBaL+S0T+G1KkYkz9mftQ=",
      "requires": {
        "no-case": "^2.2.0",
        "upper-case-first": "^1.1.2"
      }
    },
    "source-map": {
      "version": "0.6.1",
      "resolved": "https://r.cnpmjs.org/source-map/download/source-map-0.6.1.tgz",
      "integrity": "sha1-dHIq8y6WFOnCh6jQu95IteLxomM=",
      "dev": true
    },
    "source-map-support": {
      "version": "0.5.19",
      "resolved": "https://r.cnpmjs.org/source-map-support/download/source-map-support-0.5.19.tgz",
      "integrity": "sha1-qYti+G3K9PZzmWSMCFKRq56P7WE=",
      "dev": true,
      "requires": {
        "buffer-from": "^1.0.0",
        "source-map": "^0.6.0"
      }
    },
    "split-text-to-chunks": {
      "version": "1.0.0",
      "resolved": "https://r.cnpmjs.org/split-text-to-chunks/download/split-text-to-chunks-1.0.0.tgz",
      "integrity": "sha1-m5vSuFMOGLCWl7G4ykSF0xYI7rc=",
      "requires": {
        "get-stdin": "^5.0.1",
        "minimist": "^1.2.0"
      }
    },
    "tablemark": {
      "version": "2.0.0",
      "resolved": "https://r.cnpmjs.org/tablemark/download/tablemark-2.0.0.tgz",
      "integrity": "sha1-jrDbV0PSTR8deVw+zQXCj5xV9jU=",
      "requires": {
        "sentence-case": "^2.1.1",
        "split-text-to-chunks": "^1.0.0"
      }
    },
    "ts-node": {
      "version": "10.1.0",
      "resolved": "https://r.cnpmjs.org/ts-node/download/ts-node-10.1.0.tgz",
      "integrity": "sha1-5lbYrTthEGk4qGf2nDmoum78lm4=",
      "dev": true,
      "requires": {
        "@tsconfig/node10": "^1.0.7",
        "@tsconfig/node12": "^1.0.7",
        "@tsconfig/node14": "^1.0.0",
        "@tsconfig/node16": "^1.0.1",
        "arg": "^4.1.0",
        "create-require": "^1.1.0",
        "diff": "^4.0.1",
        "make-error": "^1.1.1",
        "source-map-support": "^0.5.17",
        "yn": "3.1.1"
      }
    },
    "tslib": {
      "version": "2.3.0",
      "resolved": "https://r.cnpmjs.org/tslib/download/tslib-2.3.0.tgz",
      "integrity": "sha1-gDuM2rPhK6WBpMpByIObuw2ssJ4="
    },
    "typescript": {
      "version": "4.3.5",
      "resolved": "https://r.cnpmjs.org/typescript/download/typescript-4.3.5.tgz",
      "integrity": "sha1-TRw3zBbok5c8RaBohrcRMjTxGfQ=",
      "dev": true
    },
    "upper-case": {
      "version": "1.1.3",
      "resolved": "https://r.cnpmjs.org/upper-case/download/upper-case-1.1.3.tgz",
      "integrity": "sha1-9rRQHC7EzdJrp4vnIilh3ndiFZg="
    },
    "upper-case-first": {
      "version": "1.1.2",
      "resolved": "https://r.cnpmjs.org/upper-case-first/download/upper-case-first-1.1.2.tgz",
      "integrity": "sha1-XXm+3P8UQZUY/S7bCgUHybaFkRU=",
      "requires": {
        "upper-case": "^1.1.1"
      }
    },
    "xmldom": {
      "version": "0.3.0",
      "resolved": "https://r.cnpmjs.org/xmldom/download/xmldom-0.3.0.tgz",
      "integrity": "sha1-5iVFf0MAtd+cLh7Ld2FH7OR/Plo="
    },
    "xmlserializer": {
      "version": "0.6.1",
      "resolved": "https://r.cnpmjs.org/xmlserializer/download/xmlserializer-0.6.1.tgz",
      "integrity": "sha1-FAmfYCcuFstgi+N1iZL5mAcMwpo="
    },
    "xpath": {
      "version": "0.0.32",
      "resolved": "https://r.cnpmjs.org/xpath/download/xpath-0.0.32.tgz",
      "integrity": "sha1-G3PTNRr3NuF+wHjW2kuBdUBcSK8="
    },
    "xpath-html": {
      "version": "1.0.2",
      "resolved": "https://r.cnpmjs.org/xpath-html/download/xpath-html-1.0.2.tgz",
      "integrity": "sha1-rk4obvFE6HhRGdRu38Hg9m1U1Vs=",
      "requires": {
        "lodash.get": "4.4.2",
        "parse5": "6.0.0",
        "xmldom": "0.3.0",
        "xmlserializer": "0.6.1",
        "xpath": "0.0.27"
      },
      "dependencies": {
        "parse5": {
          "version": "6.0.0",
          "resolved": "https://r.cnpmjs.org/parse5/download/parse5-6.0.0.tgz",
          "integrity": "sha1-0qw0SCichLSZR9SaOfe+9iAPpro="
        },
        "xpath": {
          "version": "0.0.27",
          "resolved": "https://r.cnpmjs.org/xpath/download/xpath-0.0.27.tgz",
          "integrity": "sha1-3TQh+9zFZGrDLEhTG01+nQws+pI="
        }
      }
    },
    "yn": {
      "version": "3.1.1",
      "resolved": "https://r.cnpmjs.org/yn/download/yn-3.1.1.tgz",
      "integrity": "sha1-HodAGgnXZ8HV6rJqbkwYUYLS61A=",
      "dev": true
    }
  }
}
